// !$*UTF8*$!
{
	archiveVersion = 1;
	classes = {
	};
	objectVersion = 50;
	objects = {

/* Begin PBXBuildFile section */
		D720E1BF2357EAEA009C5A38 /* AppDelegate.swift in Sources */ = {isa = PBXBuildFile; fileRef = D720E1BE2357EAEA009C5A38 /* AppDelegate.swift */; };
		D720E1C82357EAEC009C5A38 /* Assets.xcassets in Resources */ = {isa = PBXBuildFile; fileRef = D720E1C72357EAEC009C5A38 /* Assets.xcassets */; };
		D720E1CB2357EAEC009C5A38 /* LaunchScreen.storyboard in Resources */ = {isa = PBXBuildFile; fileRef = D720E1C92357EAEC009C5A38 /* LaunchScreen.storyboard */; };
		D790CE0D235B49AF00DD47D9 /* Main.storyboard in Resources */ = {isa = PBXBuildFile; fileRef = D790CE0C235B49AF00DD47D9 /* Main.storyboard */; };
		D790CE0F235B4AD700DD47D9 /* Login.storyboard in Resources */ = {isa = PBXBuildFile; fileRef = D790CE0E235B4AD700DD47D9 /* Login.storyboard */; };
		D790CE11235B4BF900DD47D9 /* LoginViewController.swift in Sources */ = {isa = PBXBuildFile; fileRef = D790CE10235B4BF900DD47D9 /* LoginViewController.swift */; };
		D790CE13235B4C0A00DD47D9 /* PlantTableViewController.swift in Sources */ = {isa = PBXBuildFile; fileRef = D790CE12235B4C0A00DD47D9 /* PlantTableViewController.swift */; };
		D790CE15235B4E5D00DD47D9 /* PlantTableViewCell.swift in Sources */ = {isa = PBXBuildFile; fileRef = D790CE14235B4E5D00DD47D9 /* PlantTableViewCell.swift */; };
		D790CE17235B4F8C00DD47D9 /* Plants.swift in Sources */ = {isa = PBXBuildFile; fileRef = D790CE16235B4F8C00DD47D9 /* Plants.swift */; };
		D790CE19235B5B3D00DD47D9 /* Accounts.swift in Sources */ = {isa = PBXBuildFile; fileRef = D790CE18235B5B3D00DD47D9 /* Accounts.swift */; };
/* End PBXBuildFile section */

/* Begin PBXFileReference section */
		D720E1BB2357EAEA009C5A38 /* ios-WaterMyPlants.app */ = {isa = PBXFileReference; explicitFileType = wrapper.application; includeInIndex = 0; path = "ios-WaterMyPlants.app"; sourceTree = BUILT_PRODUCTS_DIR; };
		D720E1BE2357EAEA009C5A38 /* AppDelegate.swift */ = {isa = PBXFileReference; lastKnownFileType = sourcecode.swift; path = AppDelegate.swift; sourceTree = "<group>"; };
		D720E1C72357EAEC009C5A38 /* Assets.xcassets */ = {isa = PBXFileReference; lastKnownFileType = folder.assetcatalog; path = Assets.xcassets; sourceTree = "<group>"; };
		D720E1CA2357EAEC009C5A38 /* Base */ = {isa = PBXFileReference; lastKnownFileType = file.storyboard; name = Base; path = Base.lproj/LaunchScreen.storyboard; sourceTree = "<group>"; };
		D720E1CC2357EAEC009C5A38 /* Info.plist */ = {isa = PBXFileReference; lastKnownFileType = text.plist.xml; path = Info.plist; sourceTree = "<group>"; };
		D790CE0C235B49AF00DD47D9 /* Main.storyboard */ = {isa = PBXFileReference; lastKnownFileType = file.storyboard; path = Main.storyboard; sourceTree = "<group>"; };
		D790CE0E235B4AD700DD47D9 /* Login.storyboard */ = {isa = PBXFileReference; lastKnownFileType = file.storyboard; path = Login.storyboard; sourceTree = "<group>"; };
		D790CE10235B4BF900DD47D9 /* LoginViewController.swift */ = {isa = PBXFileReference; lastKnownFileType = sourcecode.swift; path = LoginViewController.swift; sourceTree = "<group>"; };
		D790CE12235B4C0A00DD47D9 /* PlantTableViewController.swift */ = {isa = PBXFileReference; lastKnownFileType = sourcecode.swift; path = PlantTableViewController.swift; sourceTree = "<group>"; };
		D790CE14235B4E5D00DD47D9 /* PlantTableViewCell.swift */ = {isa = PBXFileReference; lastKnownFileType = sourcecode.swift; path = PlantTableViewCell.swift; sourceTree = "<group>"; };
		D790CE16235B4F8C00DD47D9 /* Plants.swift */ = {isa = PBXFileReference; lastKnownFileType = sourcecode.swift; path = Plants.swift; sourceTree = "<group>"; };
		D790CE18235B5B3D00DD47D9 /* Accounts.swift */ = {isa = PBXFileReference; lastKnownFileType = sourcecode.swift; path = Accounts.swift; sourceTree = "<group>"; };
/* End PBXFileReference section */

/* Begin PBXFrameworksBuildPhase section */
		D720E1B82357EAE9009C5A38 /* Frameworks */ = {
			isa = PBXFrameworksBuildPhase;
			buildActionMask = 2147483647;
			files = (
			);
			runOnlyForDeploymentPostprocessing = 0;
		};
/* End PBXFrameworksBuildPhase section */

/* Begin PBXGroup section */
		D720E1B22357EAE9009C5A38 = {
			isa = PBXGroup;
			children = (
				D720E1BD2357EAEA009C5A38 /* ios-WaterMyPlants */,
				D720E1BC2357EAEA009C5A38 /* Products */,
			);
			sourceTree = "<group>";
		};
		D720E1BC2357EAEA009C5A38 /* Products */ = {
			isa = PBXGroup;
			children = (
				D720E1BB2357EAEA009C5A38 /* ios-WaterMyPlants.app */,
			);
			name = Products;
			sourceTree = "<group>";
		};
		D720E1BD2357EAEA009C5A38 /* ios-WaterMyPlants */ = {
			isa = PBXGroup;
			children = (
				D720E1D32357ED94009C5A38 /* Models */,
				D720E1D42357ED99009C5A38 /* Views */,
				D720E1D22357ED8C009C5A38 /* Controllers */,
				D720E1D52357EDED009C5A38 /* Helpers */,
				D790CE1A235B669F00DD47D9 /* Protocols */,
				D790CE0B235B495200DD47D9 /* Storyboard */,
				D720E1BE2357EAEA009C5A38 /* AppDelegate.swift */,
				D720E1C72357EAEC009C5A38 /* Assets.xcassets */,
				D720E1C92357EAEC009C5A38 /* LaunchScreen.storyboard */,
				D720E1CC2357EAEC009C5A38 /* Info.plist */,
			);
			path = "ios-WaterMyPlants";
			sourceTree = "<group>";
		};
		D720E1D22357ED8C009C5A38 /* Controllers */ = {
			isa = PBXGroup;
			children = (
				D790CE10235B4BF900DD47D9 /* LoginViewController.swift */,
				D790CE12235B4C0A00DD47D9 /* PlantTableViewController.swift */,
			);
			path = Controllers;
			sourceTree = "<group>";
		};
		D720E1D32357ED94009C5A38 /* Models */ = {
			isa = PBXGroup;
			children = (
				D790CE16235B4F8C00DD47D9 /* Plants.swift */,
				D790CE18235B5B3D00DD47D9 /* Accounts.swift */,
			);
			path = Models;
			sourceTree = "<group>";
		};
		D720E1D42357ED99009C5A38 /* Views */ = {
			isa = PBXGroup;
			children = (
				D790CE14235B4E5D00DD47D9 /* PlantTableViewCell.swift */,
			);
			path = Views;
			sourceTree = "<group>";
		};
		D720E1D52357EDED009C5A38 /* Helpers */ = {
			isa = PBXGroup;
			children = (
			);
			path = Helpers;
			sourceTree = "<group>";
		};
		D790CE0B235B495200DD47D9 /* Storyboard */ = {
			isa = PBXGroup;
			children = (
				D790CE0C235B49AF00DD47D9 /* Main.storyboard */,
				D790CE0E235B4AD700DD47D9 /* Login.storyboard */,
			);
			path = Storyboard;
			sourceTree = "<group>";
		};
		D790CE1A235B669F00DD47D9 /* Protocols */ = {
			isa = PBXGroup;
			children = (
			);
			path = Protocols;
			sourceTree = "<group>";
		};
/* End PBXGroup section */

/* Begin PBXNativeTarget section */
		D720E1BA2357EAE9009C5A38 /* ios-WaterMyPlants */ = {
			isa = PBXNativeTarget;
			buildConfigurationList = D720E1CF2357EAEC009C5A38 /* Build configuration list for PBXNativeTarget "ios-WaterMyPlants" */;
			buildPhases = (
				D720E1B72357EAE9009C5A38 /* Sources */,
				D720E1B82357EAE9009C5A38 /* Frameworks */,
				D720E1B92357EAE9009C5A38 /* Resources */,
			);
			buildRules = (
			);
			dependencies = (
			);
			name = "ios-WaterMyPlants";
			productName = "ios-WaterMyPlants";
			productReference = D720E1BB2357EAEA009C5A38 /* ios-WaterMyPlants.app */;
			productType = "com.apple.product-type.application";
		};
/* End PBXNativeTarget section */

/* Begin PBXProject section */
		D720E1B32357EAE9009C5A38 /* Project object */ = {
			isa = PBXProject;
			attributes = {
				LastSwiftUpdateCheck = 1100;
				LastUpgradeCheck = 1100;
				ORGANIZATIONNAME = LambdaSchool;
				TargetAttributes = {
					D720E1BA2357EAE9009C5A38 = {
						CreatedOnToolsVersion = 11.0;
					};
				};
			};
			buildConfigurationList = D720E1B62357EAE9009C5A38 /* Build configuration list for PBXProject "ios-WaterMyPlants" */;
			compatibilityVersion = "Xcode 9.3";
			developmentRegion = en;
			hasScannedForEncodings = 0;
			knownRegions = (
				en,
				Base,
			);
			mainGroup = D720E1B22357EAE9009C5A38;
			productRefGroup = D720E1BC2357EAEA009C5A38 /* Products */;
			projectDirPath = "";
			projectRoot = "";
			targets = (
				D720E1BA2357EAE9009C5A38 /* ios-WaterMyPlants */,
			);
		};
/* End PBXProject section */

/* Begin PBXResourcesBuildPhase section */
		D720E1B92357EAE9009C5A38 /* Resources */ = {
			isa = PBXResourcesBuildPhase;
			buildActionMask = 2147483647;
			files = (
				D790CE0F235B4AD700DD47D9 /* Login.storyboard in Resources */,
				D790CE0D235B49AF00DD47D9 /* Main.storyboard in Resources */,
				D720E1CB2357EAEC009C5A38 /* LaunchScreen.storyboard in Resources */,
				D720E1C82357EAEC009C5A38 /* Assets.xcassets in Resources */,
			);
			runOnlyForDeploymentPostprocessing = 0;
		};
/* End PBXResourcesBuildPhase section */

/* Begin PBXSourcesBuildPhase section */
		D720E1B72357EAE9009C5A38 /* Sources */ = {
			isa = PBXSourcesBuildPhase;
			buildActionMask = 2147483647;
			files = (
				D790CE17235B4F8C00DD47D9 /* Plants.swift in Sources */,
				D790CE11235B4BF900DD47D9 /* LoginViewController.swift in Sources */,
				D790CE15235B4E5D00DD47D9 /* PlantTableViewCell.swift in Sources */,
				D720E1BF2357EAEA009C5A38 /* AppDelegate.swift in Sources */,
				D790CE13235B4C0A00DD47D9 /* PlantTableViewController.swift in Sources */,
				D790CE19235B5B3D00DD47D9 /* Accounts.swift in Sources */,
			);
			runOnlyForDeploymentPostprocessing = 0;
		};
/* End PBXSourcesBuildPhase section */

/* Begin PBXVariantGroup section */
		D720E1C92357EAEC009C5A38 /* LaunchScreen.storyboard */ = {
			isa = PBXVariantGroup;
			children = (
				D720E1CA2357EAEC009C5A38 /* Base */,
			);
			name = LaunchScreen.storyboard;
			sourceTree = "<group>";
		};
/* End PBXVariantGroup section */

/* Begin XCBuildConfiguration section */
		D720E1CD2357EAEC009C5A38 /* Debug */ = {
			isa = XCBuildConfiguration;
			buildSettings = {
				ALWAYS_SEARCH_USER_PATHS = NO;
				CLANG_ANALYZER_NONNULL = YES;
				CLANG_ANALYZER_NUMBER_OBJECT_CONVERSION = YES_AGGRESSIVE;
				CLANG_CXX_LANGUAGE_STANDARD = "gnu++14";
				CLANG_CXX_LIBRARY = "libc++";
				CLANG_ENABLE_MODULES = YES;
				CLANG_ENABLE_OBJC_ARC = YES;
				CLANG_ENABLE_OBJC_WEAK = YES;
				CLANG_WARN_BLOCK_CAPTURE_AUTORELEASING = YES;
				CLANG_WARN_BOOL_CONVERSION = YES;
				CLANG_WARN_COMMA = YES;
				CLANG_WARN_CONSTANT_CONVERSION = YES;
				CLANG_WARN_DEPRECATED_OBJC_IMPLEMENTATIONS = YES;
				CLANG_WARN_DIRECT_OBJC_ISA_USAGE = YES_ERROR;
				CLANG_WARN_DOCUMENTATION_COMMENTS = YES;
				CLANG_WARN_EMPTY_BODY = YES;
				CLANG_WARN_ENUM_CONVERSION = YES;
				CLANG_WARN_INFINITE_RECURSION = YES;
				CLANG_WARN_INT_CONVERSION = YES;
				CLANG_WARN_NON_LITERAL_NULL_CONVERSION = YES;
				CLANG_WARN_OBJC_IMPLICIT_RETAIN_SELF = YES;
				CLANG_WARN_OBJC_LITERAL_CONVERSION = YES;
				CLANG_WARN_OBJC_ROOT_CLASS = YES_ERROR;
				CLANG_WARN_RANGE_LOOP_ANALYSIS = YES;
				CLANG_WARN_STRICT_PROTOTYPES = YES;
				CLANG_WARN_SUSPICIOUS_MOVE = YES;
				CLANG_WARN_UNGUARDED_AVAILABILITY = YES_AGGRESSIVE;
				CLANG_WARN_UNREACHABLE_CODE = YES;
				CLANG_WARN__DUPLICATE_METHOD_MATCH = YES;
				COPY_PHASE_STRIP = NO;
				DEBUG_INFORMATION_FORMAT = dwarf;
				ENABLE_STRICT_OBJC_MSGSEND = YES;
				ENABLE_TESTABILITY = YES;
				GCC_C_LANGUAGE_STANDARD = gnu11;
				GCC_DYNAMIC_NO_PIC = NO;
				GCC_NO_COMMON_BLOCKS = YES;
				GCC_OPTIMIZATION_LEVEL = 0;
				GCC_PREPROCESSOR_DEFINITIONS = (
					"DEBUG=1",
					"$(inherited)",
				);
				GCC_WARN_64_TO_32_BIT_CONVERSION = YES;
				GCC_WARN_ABOUT_RETURN_TYPE = YES_ERROR;
				GCC_WARN_UNDECLARED_SELECTOR = YES;
				GCC_WARN_UNINITIALIZED_AUTOS = YES_AGGRESSIVE;
				GCC_WARN_UNUSED_FUNCTION = YES;
				GCC_WARN_UNUSED_VARIABLE = YES;
				IPHONEOS_DEPLOYMENT_TARGET = 13.0;
				MTL_ENABLE_DEBUG_INFO = INCLUDE_SOURCE;
				MTL_FAST_MATH = YES;
				ONLY_ACTIVE_ARCH = YES;
				SDKROOT = iphoneos;
				SWIFT_ACTIVE_COMPILATION_CONDITIONS = DEBUG;
				SWIFT_OPTIMIZATION_LEVEL = "-Onone";
			};
			name = Debug;
		};
		D720E1CE2357EAEC009C5A38 /* Release */ = {
			isa = XCBuildConfiguration;
			buildSettings = {
				ALWAYS_SEARCH_USER_PATHS = NO;
				CLANG_ANALYZER_NONNULL = YES;
				CLANG_ANALYZER_NUMBER_OBJECT_CONVERSION = YES_AGGRESSIVE;
				CLANG_CXX_LANGUAGE_STANDARD = "gnu++14";
				CLANG_CXX_LIBRARY = "libc++";
				CLANG_ENABLE_MODULES = YES;
				CLANG_ENABLE_OBJC_ARC = YES;
				CLANG_ENABLE_OBJC_WEAK = YES;
				CLANG_WARN_BLOCK_CAPTURE_AUTORELEASING = YES;
				CLANG_WARN_BOOL_CONVERSION = YES;
				CLANG_WARN_COMMA = YES;
				CLANG_WARN_CONSTANT_CONVERSION = YES;
				CLANG_WARN_DEPRECATED_OBJC_IMPLEMENTATIONS = YES;
				CLANG_WARN_DIRECT_OBJC_ISA_USAGE = YES_ERROR;
				CLANG_WARN_DOCUMENTATION_COMMENTS = YES;
				CLANG_WARN_EMPTY_BODY = YES;
				CLANG_WARN_ENUM_CONVERSION = YES;
				CLANG_WARN_INFINITE_RECURSION = YES;
				CLANG_WARN_INT_CONVERSION = YES;
				CLANG_WARN_NON_LITERAL_NULL_CONVERSION = YES;
				CLANG_WARN_OBJC_IMPLICIT_RETAIN_SELF = YES;
				CLANG_WARN_OBJC_LITERAL_CONVERSION = YES;
				CLANG_WARN_OBJC_ROOT_CLASS = YES_ERROR;
				CLANG_WARN_RANGE_LOOP_ANALYSIS = YES;
				CLANG_WARN_STRICT_PROTOTYPES = YES;
				CLANG_WARN_SUSPICIOUS_MOVE = YES;
				CLANG_WARN_UNGUARDED_AVAILABILITY = YES_AGGRESSIVE;
				CLANG_WARN_UNREACHABLE_CODE = YES;
				CLANG_WARN__DUPLICATE_METHOD_MATCH = YES;
				COPY_PHASE_STRIP = NO;
				DEBUG_INFORMATION_FORMAT = "dwarf-with-dsym";
				ENABLE_NS_ASSERTIONS = NO;
				ENABLE_STRICT_OBJC_MSGSEND = YES;
				GCC_C_LANGUAGE_STANDARD = gnu11;
				GCC_NO_COMMON_BLOCKS = YES;
				GCC_WARN_64_TO_32_BIT_CONVERSION = YES;
				GCC_WARN_ABOUT_RETURN_TYPE = YES_ERROR;
				GCC_WARN_UNDECLARED_SELECTOR = YES;
				GCC_WARN_UNINITIALIZED_AUTOS = YES_AGGRESSIVE;
				GCC_WARN_UNUSED_FUNCTION = YES;
				GCC_WARN_UNUSED_VARIABLE = YES;
				IPHONEOS_DEPLOYMENT_TARGET = 13.0;
				MTL_ENABLE_DEBUG_INFO = NO;
				MTL_FAST_MATH = YES;
				SDKROOT = iphoneos;
				SWIFT_COMPILATION_MODE = wholemodule;
				SWIFT_OPTIMIZATION_LEVEL = "-O";
				VALIDATE_PRODUCT = YES;
			};
			name = Release;
		};
		D720E1D02357EAEC009C5A38 /* Debug */ = {
			isa = XCBuildConfiguration;
			buildSettings = {
				ASSETCATALOG_COMPILER_APPICON_NAME = AppIcon;
				CODE_SIGN_STYLE = Automatic;
				DEVELOPMENT_TEAM = VXUQXR6S56;
				INFOPLIST_FILE = "ios-WaterMyPlants/Info.plist";
				LD_RUNPATH_SEARCH_PATHS = (
					"$(inherited)",
					"@executable_path/Frameworks",
				);
				PRODUCT_BUNDLE_IDENTIFIER = "com.LambdaSchool.ios-WaterMyPlants";
				PRODUCT_NAME = "$(TARGET_NAME)";
				SWIFT_VERSION = 5.0;
				TARGETED_DEVICE_FAMILY = "1,2";
			};
			name = Debug;
		};
		D720E1D12357EAEC009C5A38 /* Release */ = {
			isa = XCBuildConfiguration;
			buildSettings = {
				ASSETCATALOG_COMPILER_APPICON_NAME = AppIcon;
				CODE_SIGN_STYLE = Automatic;
				DEVELOPMENT_TEAM = VXUQXR6S56;
				INFOPLIST_FILE = "ios-WaterMyPlants/Info.plist";
				LD_RUNPATH_SEARCH_PATHS = (
					"$(inherited)",
					"@executable_path/Frameworks",
				);
				PRODUCT_BUNDLE_IDENTIFIER = "com.LambdaSchool.ios-WaterMyPlants";
				PRODUCT_NAME = "$(TARGET_NAME)";
				SWIFT_VERSION = 5.0;
				TARGETED_DEVICE_FAMILY = "1,2";
			};
			name = Release;
		};
/* End XCBuildConfiguration section */

/* Begin XCConfigurationList section */
		D720E1B62357EAE9009C5A38 /* Build configuration list for PBXProject "ios-WaterMyPlants" */ = {
			isa = XCConfigurationList;
			buildConfigurations = (
				D720E1CD2357EAEC009C5A38 /* Debug */,
				D720E1CE2357EAEC009C5A38 /* Release */,
			);
			defaultConfigurationIsVisible = 0;
			defaultConfigurationName = Release;
		};
		D720E1CF2357EAEC009C5A38 /* Build configuration list for PBXNativeTarget "ios-WaterMyPlants" */ = {
			isa = XCConfigurationList;
			buildConfigurations = (
				D720E1D02357EAEC009C5A38 /* Debug */,
				D720E1D12357EAEC009C5A38 /* Release */,
			);
			defaultConfigurationIsVisible = 0;
			defaultConfigurationName = Release;
		};
/* End XCConfigurationList section */
	};
	rootObject = D720E1B32357EAE9009C5A38 /* Project object */;
}
